PODS:
  - EEJSelectMenu (1.1.1)

DEPENDENCIES:
  - EEJSelectMenu (from `https://github.com/belvidge/EEJSelectMenu`, commit `83fda2431921151b0adf77fa5459dd08a3b3601f`)

EXTERNAL SOURCES:
  EEJSelectMenu:
    :commit: 83fda2431921151b0adf77fa5459dd08a3b3601f
    :git: https://github.com/belvidge/EEJSelectMenu

CHECKOUT OPTIONS:
  EEJSelectMenu:
    :commit: 83fda2431921151b0adf77fa5459dd08a3b3601f
    :git: https://github.com/belvidge/EEJSelectMenu

SPEC CHECKSUMS:
  EEJSelectMenu: 3d001af0d1222c8612b1b3b935ebd2834aa4466c

PODFILE CHECKSUM: 6d588e664a9701c4b6d424a80120f683471bffc7

COCOAPODS: 1.0.0
